
Microsoft Visual Studio Solution File, Format Version 12.00
# Visual Studio Version 16
VisualStudioVersion = 16.0.30523.141
MinimumVisualStudioVersion = 10.0.40219.1
Project("{FAE04EC0-301F-11D3-BF4B-00C04F79EFBC}") = "L07_HomeWork_1", "L07_HomeWork_1\L07_HomeWork_1.csproj", "{BF773592-23F8-457D-BFF8-653B00F76FE7}"
EndProject
Project("{FAE04EC0-301F-11D3-BF4B-00C04F79EFBC}") = "L07_HomeWork_2", "L07_HomeWork_2\L07_HomeWork_2.csproj", "{0E324B8C-D1A0-4AAD-9BE4-BC193A98B981}"
EndProject
Global
	GlobalSection(SolutionConfigurationPlatforms) = preSolution
		Debug|Any CPU = Debug|Any CPU
		Release|Any CPU = Release|Any CPU
	EndGlobalSection
	GlobalSection(ProjectConfigurationPlatforms) = postSolution
		{BF773592-23F8-457D-BFF8-653B00F76FE7}.Debug|Any CPU.ActiveCfg = Debug|Any CPU
		{BF773592-23F8-457D-BFF8-653B00F76FE7}.Debug|Any CPU.Build.0 = Debug|Any CPU
		{BF773592-23F8-457D-BFF8-653B00F76FE7}.Release|Any CPU.ActiveCfg = Release|Any CPU
		{BF773592-23F8-457D-BFF8-653B00F76FE7}.Release|Any CPU.Build.0 = Release|Any CPU
		{0E324B8C-D1A0-4AAD-9BE4-BC193A98B981}.Debug|Any CPU.ActiveCfg = Debug|Any CPU
		{0E324B8C-D1A0-4AAD-9BE4-BC193A98B981}.Debug|Any CPU.Build.0 = Debug|Any CPU
		{0E324B8C-D1A0-4AAD-9BE4-BC193A98B981}.Release|Any CPU.ActiveCfg = Release|Any CPU
		{0E324B8C-D1A0-4AAD-9BE4-BC193A98B981}.Release|Any CPU.Build.0 = Release|Any CPU
	EndGlobalSection
	GlobalSection(SolutionProperties) = preSolution
		HideSolutionNode = FALSE
	EndGlobalSection
	GlobalSection(ExtensibilityGlobals) = postSolution
		SolutionGuid = {B331EF76-4C6A-463A-8DFC-21A6DC138FDE}
	EndGlobalSection
EndGlobal
