
Microsoft Visual Studio Solution File, Format Version 12.00
# Visual Studio Version 16
VisualStudioVersion = 16.0.29519.181
MinimumVisualStudioVersion = 10.0.40219.1
Project("{FAE04EC0-301F-11D3-BF4B-00C04F79EFBC}") = "Calculator.Figure", "Calculator.Figure\Calculator.Figure.csproj", "{1BD752CE-6D23-4441-8EB0-38B418CF9C88}"
EndProject
Global
	GlobalSection(SolutionConfigurationPlatforms) = preSolution
		Debug|Any CPU = Debug|Any CPU
		Release|Any CPU = Release|Any CPU
	EndGlobalSection
	GlobalSection(ProjectConfigurationPlatforms) = postSolution
		{1BD752CE-6D23-4441-8EB0-38B418CF9C88}.Debug|Any CPU.ActiveCfg = Debug|Any CPU
		{1BD752CE-6D23-4441-8EB0-38B418CF9C88}.Debug|Any CPU.Build.0 = Debug|Any CPU
		{1BD752CE-6D23-4441-8EB0-38B418CF9C88}.Release|Any CPU.ActiveCfg = Release|Any CPU
		{1BD752CE-6D23-4441-8EB0-38B418CF9C88}.Release|Any CPU.Build.0 = Release|Any CPU
	EndGlobalSection
	GlobalSection(SolutionProperties) = preSolution
		HideSolutionNode = FALSE
	EndGlobalSection
	GlobalSection(ExtensibilityGlobals) = postSolution
		SolutionGuid = {C3361C52-4B19-4675-B7E6-11477BC818B1}
	EndGlobalSection
EndGlobal
