
Microsoft Visual Studio Solution File, Format Version 12.00
# Visual Studio Version 16
VisualStudioVersion = 16.0.29519.181
MinimumVisualStudioVersion = 10.0.40219.1
Project("{9A19103F-16F7-4668-BE54-9A1E7A4F7556}") = "L08_ClassWork_Files", "L08_ClassWork\L08_ClassWork_Files.csproj", "{1C94F165-30F2-4928-A1C1-5423E17CC482}"
EndProject
Project("{9A19103F-16F7-4668-BE54-9A1E7A4F7556}") = "L08_ClassWork_List", "List\L08_ClassWork_List.csproj", "{9F2B7338-EA41-4BC9-A216-842D89528C9D}"
EndProject
Project("{FAE04EC0-301F-11D3-BF4B-00C04F79EFBC}") = "L08_ClassWork_List2", "L08_ClassWork_List2\L08_ClassWork_List2.csproj", "{1EE98E76-7267-4764-9BE8-A7AB44FBECEC}"
EndProject
Project("{FAE04EC0-301F-11D3-BF4B-00C04F79EFBC}") = "08_Dictionary", "08_Dictionary\08_Dictionary.csproj", "{B0C0F382-4EBE-4792-A04A-EF2FE17A4892}"
EndProject
Project("{FAE04EC0-301F-11D3-BF4B-00C04F79EFBC}") = "08_Dictionary_2", "08_Dictionary_2\08_Dictionary_2.csproj", "{76C01925-C425-4EB9-B305-6959EE91847D}"
EndProject
Project("{FAE04EC0-301F-11D3-BF4B-00C04F79EFBC}") = "Queue", "Queue\Queue.csproj", "{307B4EDD-82F2-44F1-8851-60395BA20C52}"
EndProject
Global
	GlobalSection(SolutionConfigurationPlatforms) = preSolution
		Debug|Any CPU = Debug|Any CPU
		Release|Any CPU = Release|Any CPU
	EndGlobalSection
	GlobalSection(ProjectConfigurationPlatforms) = postSolution
		{1C94F165-30F2-4928-A1C1-5423E17CC482}.Debug|Any CPU.ActiveCfg = Debug|Any CPU
		{1C94F165-30F2-4928-A1C1-5423E17CC482}.Debug|Any CPU.Build.0 = Debug|Any CPU
		{1C94F165-30F2-4928-A1C1-5423E17CC482}.Release|Any CPU.ActiveCfg = Release|Any CPU
		{1C94F165-30F2-4928-A1C1-5423E17CC482}.Release|Any CPU.Build.0 = Release|Any CPU
		{9F2B7338-EA41-4BC9-A216-842D89528C9D}.Debug|Any CPU.ActiveCfg = Debug|Any CPU
		{9F2B7338-EA41-4BC9-A216-842D89528C9D}.Debug|Any CPU.Build.0 = Debug|Any CPU
		{9F2B7338-EA41-4BC9-A216-842D89528C9D}.Release|Any CPU.ActiveCfg = Release|Any CPU
		{9F2B7338-EA41-4BC9-A216-842D89528C9D}.Release|Any CPU.Build.0 = Release|Any CPU
		{1EE98E76-7267-4764-9BE8-A7AB44FBECEC}.Debug|Any CPU.ActiveCfg = Debug|Any CPU
		{1EE98E76-7267-4764-9BE8-A7AB44FBECEC}.Debug|Any CPU.Build.0 = Debug|Any CPU
		{1EE98E76-7267-4764-9BE8-A7AB44FBECEC}.Release|Any CPU.ActiveCfg = Release|Any CPU
		{1EE98E76-7267-4764-9BE8-A7AB44FBECEC}.Release|Any CPU.Build.0 = Release|Any CPU
		{B0C0F382-4EBE-4792-A04A-EF2FE17A4892}.Debug|Any CPU.ActiveCfg = Debug|Any CPU
		{B0C0F382-4EBE-4792-A04A-EF2FE17A4892}.Debug|Any CPU.Build.0 = Debug|Any CPU
		{B0C0F382-4EBE-4792-A04A-EF2FE17A4892}.Release|Any CPU.ActiveCfg = Release|Any CPU
		{B0C0F382-4EBE-4792-A04A-EF2FE17A4892}.Release|Any CPU.Build.0 = Release|Any CPU
		{76C01925-C425-4EB9-B305-6959EE91847D}.Debug|Any CPU.ActiveCfg = Debug|Any CPU
		{76C01925-C425-4EB9-B305-6959EE91847D}.Debug|Any CPU.Build.0 = Debug|Any CPU
		{76C01925-C425-4EB9-B305-6959EE91847D}.Release|Any CPU.ActiveCfg = Release|Any CPU
		{76C01925-C425-4EB9-B305-6959EE91847D}.Release|Any CPU.Build.0 = Release|Any CPU
		{307B4EDD-82F2-44F1-8851-60395BA20C52}.Debug|Any CPU.ActiveCfg = Debug|Any CPU
		{307B4EDD-82F2-44F1-8851-60395BA20C52}.Debug|Any CPU.Build.0 = Debug|Any CPU
		{307B4EDD-82F2-44F1-8851-60395BA20C52}.Release|Any CPU.ActiveCfg = Release|Any CPU
		{307B4EDD-82F2-44F1-8851-60395BA20C52}.Release|Any CPU.Build.0 = Release|Any CPU
	EndGlobalSection
	GlobalSection(SolutionProperties) = preSolution
		HideSolutionNode = FALSE
	EndGlobalSection
	GlobalSection(ExtensibilityGlobals) = postSolution
		SolutionGuid = {F05DED5C-AC71-497F-8C52-0B9FAC57E941}
	EndGlobalSection
EndGlobal
