
Microsoft Visual Studio Solution File, Format Version 12.00
# Visual Studio Version 16
VisualStudioVersion = 16.0.30523.141
MinimumVisualStudioVersion = 10.0.40219.1
Project("{FAE04EC0-301F-11D3-BF4B-00C04F79EFBC}") = "L08_HomeWork", "L08_HomeWork\L08_HomeWork.csproj", "{6B31F487-F72A-4720-879A-766FF6C40264}"
EndProject
Project("{FAE04EC0-301F-11D3-BF4B-00C04F79EFBC}") = "L08_HomeWork_independent", "L08_HomeWork_independent\L08_HomeWork_independent.csproj", "{B57C0310-32F8-496D-9996-73091278FDF5}"
EndProject
Global
	GlobalSection(SolutionConfigurationPlatforms) = preSolution
		Debug|Any CPU = Debug|Any CPU
		Release|Any CPU = Release|Any CPU
	EndGlobalSection
	GlobalSection(ProjectConfigurationPlatforms) = postSolution
		{6B31F487-F72A-4720-879A-766FF6C40264}.Debug|Any CPU.ActiveCfg = Debug|Any CPU
		{6B31F487-F72A-4720-879A-766FF6C40264}.Debug|Any CPU.Build.0 = Debug|Any CPU
		{6B31F487-F72A-4720-879A-766FF6C40264}.Release|Any CPU.ActiveCfg = Release|Any CPU
		{6B31F487-F72A-4720-879A-766FF6C40264}.Release|Any CPU.Build.0 = Release|Any CPU
		{B57C0310-32F8-496D-9996-73091278FDF5}.Debug|Any CPU.ActiveCfg = Debug|Any CPU
		{B57C0310-32F8-496D-9996-73091278FDF5}.Debug|Any CPU.Build.0 = Debug|Any CPU
		{B57C0310-32F8-496D-9996-73091278FDF5}.Release|Any CPU.ActiveCfg = Release|Any CPU
		{B57C0310-32F8-496D-9996-73091278FDF5}.Release|Any CPU.Build.0 = Release|Any CPU
	EndGlobalSection
	GlobalSection(SolutionProperties) = preSolution
		HideSolutionNode = FALSE
	EndGlobalSection
	GlobalSection(ExtensibilityGlobals) = postSolution
		SolutionGuid = {A1DD4883-3FA2-4ABC-BA41-9F3D00CA28E7}
	EndGlobalSection
EndGlobal
