
Microsoft Visual Studio Solution File, Format Version 12.00
# Visual Studio Version 16
VisualStudioVersion = 16.0.30523.141
MinimumVisualStudioVersion = 10.0.40219.1
Project("{FAE04EC0-301F-11D3-BF4B-00C04F79EFBC}") = "L14_HomeWork", "L14_HomeWork\L14_HomeWork.csproj", "{A5540EB6-977B-4E13-A6DA-0B045CA808D6}"
EndProject
Global
	GlobalSection(SolutionConfigurationPlatforms) = preSolution
		Debug|Any CPU = Debug|Any CPU
		Release|Any CPU = Release|Any CPU
	EndGlobalSection
	GlobalSection(ProjectConfigurationPlatforms) = postSolution
		{A5540EB6-977B-4E13-A6DA-0B045CA808D6}.Debug|Any CPU.ActiveCfg = Debug|Any CPU
		{A5540EB6-977B-4E13-A6DA-0B045CA808D6}.Debug|Any CPU.Build.0 = Debug|Any CPU
		{A5540EB6-977B-4E13-A6DA-0B045CA808D6}.Release|Any CPU.ActiveCfg = Release|Any CPU
		{A5540EB6-977B-4E13-A6DA-0B045CA808D6}.Release|Any CPU.Build.0 = Release|Any CPU
	EndGlobalSection
	GlobalSection(SolutionProperties) = preSolution
		HideSolutionNode = FALSE
	EndGlobalSection
	GlobalSection(ExtensibilityGlobals) = postSolution
		SolutionGuid = {1B004D38-2589-4E8D-BE5D-CA4EDD358591}
	EndGlobalSection
EndGlobal
