
Microsoft Visual Studio Solution File, Format Version 12.00
# Visual Studio Version 16
VisualStudioVersion = 16.0.29519.181
MinimumVisualStudioVersion = 10.0.40219.1
Project("{FAE04EC0-301F-11D3-BF4B-00C04F79EFBC}") = "L12_ClassWork", "L12_ClassWork\L12_ClassWork.csproj", "{36597FEC-9611-41C4-8AE2-0D93C8255B34}"
EndProject
Project("{FAE04EC0-301F-11D3-BF4B-00C04F79EFBC}") = "L12_ClassWork_1", "L12_ClassWork_1\L12_ClassWork_1.csproj", "{0CFA06AD-1A01-4239-AD06-88F2F8CA0AD0}"
EndProject
Global
	GlobalSection(SolutionConfigurationPlatforms) = preSolution
		Debug|Any CPU = Debug|Any CPU
		Release|Any CPU = Release|Any CPU
	EndGlobalSection
	GlobalSection(ProjectConfigurationPlatforms) = postSolution
		{36597FEC-9611-41C4-8AE2-0D93C8255B34}.Debug|Any CPU.ActiveCfg = Debug|Any CPU
		{36597FEC-9611-41C4-8AE2-0D93C8255B34}.Debug|Any CPU.Build.0 = Debug|Any CPU
		{36597FEC-9611-41C4-8AE2-0D93C8255B34}.Release|Any CPU.ActiveCfg = Release|Any CPU
		{36597FEC-9611-41C4-8AE2-0D93C8255B34}.Release|Any CPU.Build.0 = Release|Any CPU
		{0CFA06AD-1A01-4239-AD06-88F2F8CA0AD0}.Debug|Any CPU.ActiveCfg = Debug|Any CPU
		{0CFA06AD-1A01-4239-AD06-88F2F8CA0AD0}.Debug|Any CPU.Build.0 = Debug|Any CPU
		{0CFA06AD-1A01-4239-AD06-88F2F8CA0AD0}.Release|Any CPU.ActiveCfg = Release|Any CPU
		{0CFA06AD-1A01-4239-AD06-88F2F8CA0AD0}.Release|Any CPU.Build.0 = Release|Any CPU
	EndGlobalSection
	GlobalSection(SolutionProperties) = preSolution
		HideSolutionNode = FALSE
	EndGlobalSection
	GlobalSection(ExtensibilityGlobals) = postSolution
		SolutionGuid = {CC294132-1966-444D-8B2C-73B5EAA8C8CE}
	EndGlobalSection
EndGlobal
