
Microsoft Visual Studio Solution File, Format Version 12.00
# Visual Studio Version 16
VisualStudioVersion = 16.0.29519.181
MinimumVisualStudioVersion = 10.0.40219.1
Project("{FAE04EC0-301F-11D3-BF4B-00C04F79EFBC}") = "L04_ClassWork", "L04_ClassWork\L04_ClassWork.csproj", "{15EA7FCB-4205-44CE-A5F4-2D9A67B7025B}"
EndProject
Global
	GlobalSection(SolutionConfigurationPlatforms) = preSolution
		Debug|Any CPU = Debug|Any CPU
		Release|Any CPU = Release|Any CPU
	EndGlobalSection
	GlobalSection(ProjectConfigurationPlatforms) = postSolution
		{15EA7FCB-4205-44CE-A5F4-2D9A67B7025B}.Debug|Any CPU.ActiveCfg = Debug|Any CPU
		{15EA7FCB-4205-44CE-A5F4-2D9A67B7025B}.Debug|Any CPU.Build.0 = Debug|Any CPU
		{15EA7FCB-4205-44CE-A5F4-2D9A67B7025B}.Release|Any CPU.ActiveCfg = Release|Any CPU
		{15EA7FCB-4205-44CE-A5F4-2D9A67B7025B}.Release|Any CPU.Build.0 = Release|Any CPU
	EndGlobalSection
	GlobalSection(SolutionProperties) = preSolution
		HideSolutionNode = FALSE
	EndGlobalSection
	GlobalSection(ExtensibilityGlobals) = postSolution
		SolutionGuid = {8BD90C99-3002-496B-B266-9F0A7E481F6A}
	EndGlobalSection
EndGlobal
