
Microsoft Visual Studio Solution File, Format Version 12.00
# Visual Studio Version 16
VisualStudioVersion = 16.0.29519.181
MinimumVisualStudioVersion = 10.0.40219.1
Project("{9A19103F-16F7-4668-BE54-9A1E7A4F7556}") = "L14_ClassWork", "L14_ClassWork\L14_ClassWork.csproj", "{382D28B6-1B96-4914-9328-F89B2F21B75C}"
EndProject
Project("{FAE04EC0-301F-11D3-BF4B-00C04F79EFBC}") = "L14_ClassWork.Static", "Static\L14_ClassWork.Static.csproj", "{5C459F57-0075-458C-A71B-FDB00A7734A8}"
EndProject
Global
	GlobalSection(SolutionConfigurationPlatforms) = preSolution
		Debug|Any CPU = Debug|Any CPU
		Release|Any CPU = Release|Any CPU
	EndGlobalSection
	GlobalSection(ProjectConfigurationPlatforms) = postSolution
		{382D28B6-1B96-4914-9328-F89B2F21B75C}.Debug|Any CPU.ActiveCfg = Debug|Any CPU
		{382D28B6-1B96-4914-9328-F89B2F21B75C}.Debug|Any CPU.Build.0 = Debug|Any CPU
		{382D28B6-1B96-4914-9328-F89B2F21B75C}.Release|Any CPU.ActiveCfg = Release|Any CPU
		{382D28B6-1B96-4914-9328-F89B2F21B75C}.Release|Any CPU.Build.0 = Release|Any CPU
		{5C459F57-0075-458C-A71B-FDB00A7734A8}.Debug|Any CPU.ActiveCfg = Debug|Any CPU
		{5C459F57-0075-458C-A71B-FDB00A7734A8}.Debug|Any CPU.Build.0 = Debug|Any CPU
		{5C459F57-0075-458C-A71B-FDB00A7734A8}.Release|Any CPU.ActiveCfg = Release|Any CPU
		{5C459F57-0075-458C-A71B-FDB00A7734A8}.Release|Any CPU.Build.0 = Release|Any CPU
	EndGlobalSection
	GlobalSection(SolutionProperties) = preSolution
		HideSolutionNode = FALSE
	EndGlobalSection
	GlobalSection(ExtensibilityGlobals) = postSolution
		SolutionGuid = {797751BF-E6CA-4659-9B29-4158882DEA46}
	EndGlobalSection
EndGlobal
